// !$*UTF8*$!
{
	archiveVersion = 1;
	classes = {
	};
	objectVersion = 46;
	objects = {

/* Begin PBXBuildFile section */
		656432A91C2EC17B009711E6 /* AppDelegate.swift in Sources */ = {isa = PBXBuildFile; fileRef = 656432A81C2EC17B009711E6 /* AppDelegate.swift */; };
		656432AB1C2EC17B009711E6 /* ViewController.swift in Sources */ = {isa = PBXBuildFile; fileRef = 656432AA1C2EC17B009711E6 /* ViewController.swift */; };
		656432AE1C2EC17B009711E6 /* Main.storyboard in Resources */ = {isa = PBXBuildFile; fileRef = 656432AC1C2EC17B009711E6 /* Main.storyboard */; };
		656432B11C2EC17B009711E6 /* githubTest.xcdatamodeld in Sources */ = {isa = PBXBuildFile; fileRef = 656432AF1C2EC17B009711E6 /* githubTest.xcdatamodeld */; };
		656432B31C2EC17B009711E6 /* Assets.xcassets in Resources */ = {isa = PBXBuildFile; fileRef = 656432B21C2EC17B009711E6 /* Assets.xcassets */; };
		656432B61C2EC17B009711E6 /* LaunchScreen.storyboard in Resources */ = {isa = PBXBuildFile; fileRef = 656432B41C2EC17B009711E6 /* LaunchScreen.storyboard */; };
		656432C11C2EC17B009711E6 /* githubTestTests.swift in Sources */ = {isa = PBXBuildFile; fileRef = 656432C01C2EC17B009711E6 /* githubTestTests.swift */; };
		656432CC1C2EC17B009711E6 /* githubTestUITests.swift in Sources */ = {isa = PBXBuildFile; fileRef = 656432CB1C2EC17B009711E6 /* githubTestUITests.swift */; };
		656432DA1C2EC3AB009711E6 /* testClass.swift in Sources */ = {isa = PBXBuildFile; fileRef = 656432D91C2EC3AB009711E6 /* testClass.swift */; };
/* End PBXBuildFile section */

/* Begin PBXContainerItemProxy section */
		656432BD1C2EC17B009711E6 /* PBXContainerItemProxy */ = {
			isa = PBXContainerItemProxy;
			containerPortal = 6564329D1C2EC17B009711E6 /* Project object */;
			proxyType = 1;
			remoteGlobalIDString = 656432A41C2EC17B009711E6;
			remoteInfo = githubTest;
		};
		656432C81C2EC17B009711E6 /* PBXContainerItemProxy */ = {
			isa = PBXContainerItemProxy;
			containerPortal = 6564329D1C2EC17B009711E6 /* Project object */;
			proxyType = 1;
			remoteGlobalIDString = 656432A41C2EC17B009711E6;
			remoteInfo = githubTest;
		};
/* End PBXContainerItemProxy section */

/* Begin PBXFileReference section */
		656432A51C2EC17B009711E6 /* githubTest.app */ = {isa = PBXFileReference; explicitFileType = wrapper.application; includeInIndex = 0; path = githubTest.app; sourceTree = BUILT_PRODUCTS_DIR; };
		656432A81C2EC17B009711E6 /* AppDelegate.swift */ = {isa = PBXFileReference; lastKnownFileType = sourcecode.swift; path = AppDelegate.swift; sourceTree = "<group>"; };
		656432AA1C2EC17B009711E6 /* ViewController.swift */ = {isa = PBXFileReference; lastKnownFileType = sourcecode.swift; path = ViewController.swift; sourceTree = "<group>"; };
		656432AD1C2EC17B009711E6 /* Base */ = {isa = PBXFileReference; lastKnownFileType = file.storyboard; name = Base; path = Base.lproj/Main.storyboard; sourceTree = "<group>"; };
		656432B01C2EC17B009711E6 /* githubTest.xcdatamodel */ = {isa = PBXFileReference; lastKnownFileType = wrapper.xcdatamodel; path = githubTest.xcdatamodel; sourceTree = "<group>"; };
		656432B21C2EC17B009711E6 /* Assets.xcassets */ = {isa = PBXFileReference; lastKnownFileType = folder.assetcatalog; path = Assets.xcassets; sourceTree = "<group>"; };
		656432B51C2EC17B009711E6 /* Base */ = {isa = PBXFileReference; lastKnownFileType = file.storyboard; name = Base; path = Base.lproj/LaunchScreen.storyboard; sourceTree = "<group>"; };
		656432B71C2EC17B009711E6 /* Info.plist */ = {isa = PBXFileReference; lastKnownFileType = text.plist.xml; path = Info.plist; sourceTree = "<group>"; };
		656432BC1C2EC17B009711E6 /* githubTestTests.xctest */ = {isa = PBXFileReference; explicitFileType = wrapper.cfbundle; includeInIndex = 0; path = githubTestTests.xctest; sourceTree = BUILT_PRODUCTS_DIR; };
		656432C01C2EC17B009711E6 /* githubTestTests.swift */ = {isa = PBXFileReference; lastKnownFileType = sourcecode.swift; path = githubTestTests.swift; sourceTree = "<group>"; };
		656432C21C2EC17B009711E6 /* Info.plist */ = {isa = PBXFileReference; lastKnownFileType = text.plist.xml; path = Info.plist; sourceTree = "<group>"; };
		656432C71C2EC17B009711E6 /* githubTestUITests.xctest */ = {isa = PBXFileReference; explicitFileType = wrapper.cfbundle; includeInIndex = 0; path = githubTestUITests.xctest; sourceTree = BUILT_PRODUCTS_DIR; };
		656432CB1C2EC17B009711E6 /* githubTestUITests.swift */ = {isa = PBXFileReference; lastKnownFileType = sourcecode.swift; path = githubTestUITests.swift; sourceTree = "<group>"; };
		656432CD1C2EC17B009711E6 /* Info.plist */ = {isa = PBXFileReference; lastKnownFileType = text.plist.xml; path = Info.plist; sourceTree = "<group>"; };
		656432D91C2EC3AB009711E6 /* testClass.swift */ = {isa = PBXFileReference; fileEncoding = 4; lastKnownFileType = sourcecode.swift; path = testClass.swift; sourceTree = "<group>"; };
/* End PBXFileReference section */

/* Begin PBXFrameworksBuildPhase section */
		656432A21C2EC17B009711E6 /* Frameworks */ = {
			isa = PBXFrameworksBuildPhase;
			buildActionMask = 2147483647;
			files = (
			);
			runOnlyForDeploymentPostprocessing = 0;
		};
		656432B91C2EC17B009711E6 /* Frameworks */ = {
			isa = PBXFrameworksBuildPhase;
			buildActionMask = 2147483647;
			files = (
			);
			runOnlyForDeploymentPostprocessing = 0;
		};
		656432C41C2EC17B009711E6 /* Frameworks */ = {
			isa = PBXFrameworksBuildPhase;
			buildActionMask = 2147483647;
			files = (
			);
			runOnlyForDeploymentPostprocessing = 0;
		};
/* End PBXFrameworksBuildPhase section */

/* Begin PBXGroup section */
		6564329C1C2EC17B009711E6 = {
			isa = PBXGroup;
			children = (
				656432A71C2EC17B009711E6 /* githubTest */,
				656432BF1C2EC17B009711E6 /* githubTestTests */,
				656432CA1C2EC17B009711E6 /* githubTestUITests */,
				656432A61C2EC17B009711E6 /* Products */,
			);
			sourceTree = "<group>";
		};
		656432A61C2EC17B009711E6 /* Products */ = {
			isa = PBXGroup;
			children = (
				656432A51C2EC17B009711E6 /* githubTest.app */,
				656432BC1C2EC17B009711E6 /* githubTestTests.xctest */,
				656432C71C2EC17B009711E6 /* githubTestUITests.xctest */,
			);
			name = Products;
			sourceTree = "<group>";
		};
		656432A71C2EC17B009711E6 /* githubTest */ = {
			isa = PBXGroup;
			children = (
				656432A81C2EC17B009711E6 /* AppDelegate.swift */,
				656432AA1C2EC17B009711E6 /* ViewController.swift */,
				656432D91C2EC3AB009711E6 /* testClass.swift */,
				656432AC1C2EC17B009711E6 /* Main.storyboard */,
				656432B21C2EC17B009711E6 /* Assets.xcassets */,
				656432B41C2EC17B009711E6 /* LaunchScreen.storyboard */,
				656432B71C2EC17B009711E6 /* Info.plist */,
				656432AF1C2EC17B009711E6 /* githubTest.xcdatamodeld */,
			);
			path = githubTest;
			sourceTree = "<group>";
		};
		656432BF1C2EC17B009711E6 /* githubTestTests */ = {
			isa = PBXGroup;
			children = (
				656432C01C2EC17B009711E6 /* githubTestTests.swift */,
				656432C21C2EC17B009711E6 /* Info.plist */,
			);
			path = githubTestTests;
			sourceTree = "<group>";
		};
		656432CA1C2EC17B009711E6 /* githubTestUITests */ = {
			isa = PBXGroup;
			children = (
				656432CB1C2EC17B009711E6 /* githubTestUITests.swift */,
				656432CD1C2EC17B009711E6 /* Info.plist */,
			);
			path = githubTestUITests;
			sourceTree = "<group>";
		};
/* End PBXGroup section */

/* Begin PBXNativeTarget section */
		656432A41C2EC17B009711E6 /* githubTest */ = {
			isa = PBXNativeTarget;
			buildConfigurationList = 656432D01C2EC17B009711E6 /* Build configuration list for PBXNativeTarget "githubTest" */;
			buildPhases = (
				656432A11C2EC17B009711E6 /* Sources */,
				656432A21C2EC17B009711E6 /* Frameworks */,
				656432A31C2EC17B009711E6 /* Resources */,
			);
			buildRules = (
			);
			dependencies = (
			);
			name = githubTest;
			productName = githubTest;
			productReference = 656432A51C2EC17B009711E6 /* githubTest.app */;
			productType = "com.apple.product-type.application";
		};
		656432BB1C2EC17B009711E6 /* githubTestTests */ = {
			isa = PBXNativeTarget;
			buildConfigurationList = 656432D31C2EC17B009711E6 /* Build configuration list for PBXNativeTarget "githubTestTests" */;
			buildPhases = (
				656432B81C2EC17B009711E6 /* Sources */,
				656432B91C2EC17B009711E6 /* Frameworks */,
				656432BA1C2EC17B009711E6 /* Resources */,
			);
			buildRules = (
			);
			dependencies = (
				656432BE1C2EC17B009711E6 /* PBXTargetDependency */,
			);
			name = githubTestTests;
			productName = githubTestTests;
			productReference = 656432BC1C2EC17B009711E6 /* githubTestTests.xctest */;
			productType = "com.apple.product-type.bundle.unit-test";
		};
		656432C61C2EC17B009711E6 /* githubTestUITests */ = {
			isa = PBXNativeTarget;
			buildConfigurationList = 656432D61C2EC17B009711E6 /* Build configuration list for PBXNativeTarget "githubTestUITests" */;
			buildPhases = (
				656432C31C2EC17B009711E6 /* Sources */,
				656432C41C2EC17B009711E6 /* Frameworks */,
				656432C51C2EC17B009711E6 /* Resources */,
			);
			buildRules = (
			);
			dependencies = (
				656432C91C2EC17B009711E6 /* PBXTargetDependency */,
			);
			name = githubTestUITests;
			productName = githubTestUITests;
			productReference = 656432C71C2EC17B009711E6 /* githubTestUITests.xctest */;
			productType = "com.apple.product-type.bundle.ui-testing";
		};
/* End PBXNativeTarget section */

/* Begin PBXProject section */
		6564329D1C2EC17B009711E6 /* Project object */ = {
			isa = PBXProject;
			attributes = {
				LastSwiftUpdateCheck = 0720;
				LastUpgradeCheck = 0720;
				ORGANIZATIONNAME = "Daniel Alvestad";
				TargetAttributes = {
					656432A41C2EC17B009711E6 = {
						CreatedOnToolsVersion = 7.2;
						DevelopmentTeam = B75HXEY846;
					};
					656432BB1C2EC17B009711E6 = {
						CreatedOnToolsVersion = 7.2;
						DevelopmentTeam = B75HXEY846;
						TestTargetID = 656432A41C2EC17B009711E6;
					};
					656432C61C2EC17B009711E6 = {
						CreatedOnToolsVersion = 7.2;
						DevelopmentTeam = B75HXEY846;
						TestTargetID = 656432A41C2EC17B009711E6;
					};
				};
			};
			buildConfigurationList = 656432A01C2EC17B009711E6 /* Build configuration list for PBXProject "githubTest" */;
			compatibilityVersion = "Xcode 3.2";
			developmentRegion = English;
			hasScannedForEncodings = 0;
			knownRegions = (
				en,
				Base,
			);
			mainGroup = 6564329C1C2EC17B009711E6;
			productRefGroup = 656432A61C2EC17B009711E6 /* Products */;
			projectDirPath = "";
			projectRoot = "";
			targets = (
				656432A41C2EC17B009711E6 /* githubTest */,
				656432BB1C2EC17B009711E6 /* githubTestTests */,
				656432C61C2EC17B009711E6 /* githubTestUITests */,
			);
		};
/* End PBXProject section */

/* Begin PBXResourcesBuildPhase section */
		656432A31C2EC17B009711E6 /* Resources */ = {
			isa = PBXResourcesBuildPhase;
			buildActionMask = 2147483647;
			files = (
				656432B61C2EC17B009711E6 /* LaunchScreen.storyboard in Resources */,
				656432B31C2EC17B009711E6 /* Assets.xcassets in Resources */,
				656432AE1C2EC17B009711E6 /* Main.storyboard in Resources */,
			);
			runOnlyForDeploymentPostprocessing = 0;
		};
		656432BA1C2EC17B009711E6 /* Resources */ = {
			isa = PBXResourcesBuildPhase;
			buildActionMask = 2147483647;
			files = (
			);
			runOnlyForDeploymentPostprocessing = 0;
		};
		656432C51C2EC17B009711E6 /* Resources */ = {
			isa = PBXResourcesBuildPhase;
			buildActionMask = 2147483647;
			files = (
			);
			runOnlyForDeploymentPostprocessing = 0;
		};
/* End PBXResourcesBuildPhase section */

/* Begin PBXSourcesBuildPhase section */
		656432A11C2EC17B009711E6 /* Sources */ = {
			isa = PBXSourcesBuildPhase;
			buildActionMask = 2147483647;
			files = (
				656432DA1C2EC3AB009711E6 /* testClass.swift in Sources */,
				656432AB1C2EC17B009711E6 /* ViewController.swift in Sources */,
				656432B11C2EC17B009711E6 /* githubTest.xcdatamodeld in Sources */,
				656432A91C2EC17B009711E6 /* AppDelegate.swift in Sources */,
			);
			runOnlyForDeploymentPostprocessing = 0;
		};
		656432B81C2EC17B009711E6 /* Sources */ = {
			isa = PBXSourcesBuildPhase;
			buildActionMask = 2147483647;
			files = (
				656432C11C2EC17B009711E6 /* githubTestTests.swift in Sources */,
			);
			runOnlyForDeploymentPostprocessing = 0;
		};
		656432C31C2EC17B009711E6 /* Sources */ = {
			isa = PBXSourcesBuildPhase;
			buildActionMask = 2147483647;
			files = (
				656432CC1C2EC17B009711E6 /* githubTestUITests.swift in Sources */,
			);
			runOnlyForDeploymentPostprocessing = 0;
		};
/* End PBXSourcesBuildPhase section */

/* Begin PBXTargetDependency section */
		656432BE1C2EC17B009711E6 /* PBXTargetDependency */ = {
			isa = PBXTargetDependency;
			target = 656432A41C2EC17B009711E6 /* githubTest */;
			targetProxy = 656432BD1C2EC17B009711E6 /* PBXContainerItemProxy */;
		};
		656432C91C2EC17B009711E6 /* PBXTargetDependency */ = {
			isa = PBXTargetDependency;
			target = 656432A41C2EC17B009711E6 /* githubTest */;
			targetProxy = 656432C81C2EC17B009711E6 /* PBXContainerItemProxy */;
		};
/* End PBXTargetDependency section */

/* Begin PBXVariantGroup section */
		656432AC1C2EC17B009711E6 /* Main.storyboard */ = {
			isa = PBXVariantGroup;
			children = (
				656432AD1C2EC17B009711E6 /* Base */,
			);
			name = Main.storyboard;
			sourceTree = "<group>";
		};
		656432B41C2EC17B009711E6 /* LaunchScreen.storyboard */ = {
			isa = PBXVariantGroup;
			children = (
				656432B51C2EC17B009711E6 /* Base */,
			);
			name = LaunchScreen.storyboard;
			sourceTree = "<group>";
		};
/* End PBXVariantGroup section */

/* Begin XCBuildConfiguration section */
		656432CE1C2EC17B009711E6 /* Debug */ = {
			isa = XCBuildConfiguration;
			buildSettings = {
				ALWAYS_SEARCH_USER_PATHS = NO;
				CLANG_CXX_LANGUAGE_STANDARD = "gnu++0x";
				CLANG_CXX_LIBRARY = "libc++";
				CLANG_ENABLE_MODULES = YES;
				CLANG_ENABLE_OBJC_ARC = YES;
				CLANG_WARN_BOOL_CONVERSION = YES;
				CLANG_WARN_CONSTANT_CONVERSION = YES;
				CLANG_WARN_DIRECT_OBJC_ISA_USAGE = YES_ERROR;
				CLANG_WARN_EMPTY_BODY = YES;
				CLANG_WARN_ENUM_CONVERSION = YES;
				CLANG_WARN_INT_CONVERSION = YES;
				CLANG_WARN_OBJC_ROOT_CLASS = YES_ERROR;
				CLANG_WARN_UNREACHABLE_CODE = YES;
				CLANG_WARN__DUPLICATE_METHOD_MATCH = YES;
				"CODE_SIGN_IDENTITY[sdk=iphoneos*]" = "iPhone Developer";
				COPY_PHASE_STRIP = NO;
				DEBUG_INFORMATION_FORMAT = dwarf;
				ENABLE_STRICT_OBJC_MSGSEND = YES;
				ENABLE_TESTABILITY = YES;
				GCC_C_LANGUAGE_STANDARD = gnu99;
				GCC_DYNAMIC_NO_PIC = NO;
				GCC_NO_COMMON_BLOCKS = YES;
				GCC_OPTIMIZATION_LEVEL = 0;
				GCC_PREPROCESSOR_DEFINITIONS = (
					"DEBUG=1",
					"$(inherited)",
				);
				GCC_WARN_64_TO_32_BIT_CONVERSION = YES;
				GCC_WARN_ABOUT_RETURN_TYPE = YES_ERROR;
				GCC_WARN_UNDECLARED_SELECTOR = YES;
				GCC_WARN_UNINITIALIZED_AUTOS = YES_AGGRESSIVE;
				GCC_WARN_UNUSED_FUNCTION = YES;
				GCC_WARN_UNUSED_VARIABLE = YES;
				IPHONEOS_DEPLOYMENT_TARGET = 9.2;
				MTL_ENABLE_DEBUG_INFO = YES;
				ONLY_ACTIVE_ARCH = YES;
				SDKROOT = iphoneos;
				SWIFT_OPTIMIZATION_LEVEL = "-Onone";
				TARGETED_DEVICE_FAMILY = "1,2";
			};
			name = Debug;
		};
		656432CF1C2EC17B009711E6 /* Release */ = {
			isa = XCBuildConfiguration;
			buildSettings = {
				ALWAYS_SEARCH_USER_PATHS = NO;
				CLANG_CXX_LANGUAGE_STANDARD = "gnu++0x";
				CLANG_CXX_LIBRARY = "libc++";
				CLANG_ENABLE_MODULES = YES;
				CLANG_ENABLE_OBJC_ARC = YES;
				CLANG_WARN_BOOL_CONVERSION = YES;
				CLANG_WARN_CONSTANT_CONVERSION = YES;
				CLANG_WARN_DIRECT_OBJC_ISA_USAGE = YES_ERROR;
				CLANG_WARN_EMPTY_BODY = YES;
				CLANG_WARN_ENUM_CONVERSION = YES;
				CLANG_WARN_INT_CONVERSION = YES;
				CLANG_WARN_OBJC_ROOT_CLASS = YES_ERROR;
				CLANG_WARN_UNREACHABLE_CODE = YES;
				CLANG_WARN__DUPLICATE_METHOD_MATCH = YES;
				"CODE_SIGN_IDENTITY[sdk=iphoneos*]" = "iPhone Developer";
				COPY_PHASE_STRIP = NO;
				DEBUG_INFORMATION_FORMAT = "dwarf-with-dsym";
				ENABLE_NS_ASSERTIONS = NO;
				ENABLE_STRICT_OBJC_MSGSEND = YES;
				GCC_C_LANGUAGE_STANDARD = gnu99;
				GCC_NO_COMMON_BLOCKS = YES;
				GCC_WARN_64_TO_32_BIT_CONVERSION = YES;
				GCC_WARN_ABOUT_RETURN_TYPE = YES_ERROR;
				GCC_WARN_UNDECLARED_SELECTOR = YES;
				GCC_WARN_UNINITIALIZED_AUTOS = YES_AGGRESSIVE;
				GCC_WARN_UNUSED_FUNCTION = YES;
				GCC_WARN_UNUSED_VARIABLE = YES;
				IPHONEOS_DEPLOYMENT_TARGET = 9.2;
				MTL_ENABLE_DEBUG_INFO = NO;
				SDKROOT = iphoneos;
				TARGETED_DEVICE_FAMILY = "1,2";
				VALIDATE_PRODUCT = YES;
			};
			name = Release;
		};
		656432D11C2EC17B009711E6 /* Debug */ = {
			isa = XCBuildConfiguration;
			buildSettings = {
				ASSETCATALOG_COMPILER_APPICON_NAME = AppIcon;
				INFOPLIST_FILE = githubTest/Info.plist;
				LD_RUNPATH_SEARCH_PATHS = "$(inherited) @executable_path/Frameworks";
				PRODUCT_BUNDLE_IDENTIFIER = uib.student.dal001.githubTest;
				PRODUCT_NAME = "$(TARGET_NAME)";
			};
			name = Debug;
		};
		656432D21C2EC17B009711E6 /* Release */ = {
			isa = XCBuildConfiguration;
			buildSettings = {
				ASSETCATALOG_COMPILER_APPICON_NAME = AppIcon;
				INFOPLIST_FILE = githubTest/Info.plist;
				LD_RUNPATH_SEARCH_PATHS = "$(inherited) @executable_path/Frameworks";
				PRODUCT_BUNDLE_IDENTIFIER = uib.student.dal001.githubTest;
				PRODUCT_NAME = "$(TARGET_NAME)";
			};
			name = Release;
		};
		656432D41C2EC17B009711E6 /* Debug */ = {
			isa = XCBuildConfiguration;
			buildSettings = {
				BUNDLE_LOADER = "$(TEST_HOST)";
				INFOPLIST_FILE = githubTestTests/Info.plist;
				LD_RUNPATH_SEARCH_PATHS = "$(inherited) @executable_path/Frameworks @loader_path/Frameworks";
				PRODUCT_BUNDLE_IDENTIFIER = uib.student.dal001.githubTestTests;
				PRODUCT_NAME = "$(TARGET_NAME)";
				TEST_HOST = "$(BUILT_PRODUCTS_DIR)/githubTest.app/githubTest";
			};
			name = Debug;
		};
		656432D51C2EC17B009711E6 /* Release */ = {
			isa = XCBuildConfiguration;
			buildSettings = {
				BUNDLE_LOADER = "$(TEST_HOST)";
				INFOPLIST_FILE = githubTestTests/Info.plist;
				LD_RUNPATH_SEARCH_PATHS = "$(inherited) @executable_path/Frameworks @loader_path/Frameworks";
				PRODUCT_BUNDLE_IDENTIFIER = uib.student.dal001.githubTestTests;
				PRODUCT_NAME = "$(TARGET_NAME)";
				TEST_HOST = "$(BUILT_PRODUCTS_DIR)/githubTest.app/githubTest";
			};
			name = Release;
		};
		656432D71C2EC17B009711E6 /* Debug */ = {
			isa = XCBuildConfiguration;
			buildSettings = {
				INFOPLIST_FILE = githubTestUITests/Info.plist;
				LD_RUNPATH_SEARCH_PATHS = "$(inherited) @executable_path/Frameworks @loader_path/Frameworks";
				PRODUCT_BUNDLE_IDENTIFIER = uib.student.dal001.githubTestUITests;
				PRODUCT_NAME = "$(TARGET_NAME)";
				TEST_TARGET_NAME = githubTest;
				USES_XCTRUNNER = YES;
			};
			name = Debug;
		};
		656432D81C2EC17B009711E6 /* Release */ = {
			isa = XCBuildConfiguration;
			buildSettings = {
				INFOPLIST_FILE = githubTestUITests/Info.plist;
				LD_RUNPATH_SEARCH_PATHS = "$(inherited) @executable_path/Frameworks @loader_path/Frameworks";
				PRODUCT_BUNDLE_IDENTIFIER = uib.student.dal001.githubTestUITests;
				PRODUCT_NAME = "$(TARGET_NAME)";
				TEST_TARGET_NAME = githubTest;
				USES_XCTRUNNER = YES;
			};
			name = Release;
		};
/* End XCBuildConfiguration section */

/* Begin XCConfigurationList section */
		656432A01C2EC17B009711E6 /* Build configuration list for PBXProject "githubTest" */ = {
			isa = XCConfigurationList;
			buildConfigurations = (
				656432CE1C2EC17B009711E6 /* Debug */,
				656432CF1C2EC17B009711E6 /* Release */,
			);
			defaultConfigurationIsVisible = 0;
			defaultConfigurationName = Release;
		};
		656432D01C2EC17B009711E6 /* Build configuration list for PBXNativeTarget "githubTest" */ = {
			isa = XCConfigurationList;
			buildConfigurations = (
				656432D11C2EC17B009711E6 /* Debug */,
				656432D21C2EC17B009711E6 /* Release */,
			);
			defaultConfigurationIsVisible = 0;
		};
		656432D31C2EC17B009711E6 /* Build configuration list for PBXNativeTarget "githubTestTests" */ = {
			isa = XCConfigurationList;
			buildConfigurations = (
				656432D41C2EC17B009711E6 /* Debug */,
				656432D51C2EC17B009711E6 /* Release */,
			);
			defaultConfigurationIsVisible = 0;
		};
		656432D61C2EC17B009711E6 /* Build configuration list for PBXNativeTarget "githubTestUITests" */ = {
			isa = XCConfigurationList;
			buildConfigurations = (
				656432D71C2EC17B009711E6 /* Debug */,
				656432D81C2EC17B009711E6 /* Release */,
			);
			defaultConfigurationIsVisible = 0;
		};
/* End XCConfigurationList section */

/* Begin XCVersionGroup section */
		656432AF1C2EC17B009711E6 /* githubTest.xcdatamodeld */ = {
			isa = XCVersionGroup;
			children = (
				656432B01C2EC17B009711E6 /* githubTest.xcdatamodel */,
			);
			currentVersion = 656432B01C2EC17B009711E6 /* githubTest.xcdatamodel */;
			path = githubTest.xcdatamodeld;
			sourceTree = "<group>";
			versionGroupType = wrapper.xcdatamodel;
		};
/* End XCVersionGroup section */
	};
	rootObject = 6564329D1C2EC17B009711E6 /* Project object */;
}
